[[package]]
name = "clucstr"
version = "0.1.0"
source = "registry+https://github.com/rust-lang/crates.io-index"

[[package]]
name = "testcluStr"
version = "0.1.0"
dependencies = [
 "clucstr 0.1.0 (registry+https://github.com/rust-lang/crates.io-index)",
]

[metadata]
"checksum clucstr 0.1.0 (registry+https://github.com/rust-lang/crates.io-index)" = "95c29966e66a44dff995921c5965a19335e368599286f91e158ec2f46fabefbc"
